
Microsoft Visual Studio Solution File, Format Version 12.00
# Visual Studio 15
VisualStudioVersion = 15.0.26730.12
MinimumVisualStudioVersion = 10.0.40219.1
Project("{FAE04EC0-301F-11D3-BF4B-00C04F79EFBC}") = "Tkachuk laba SAPKIS 1", "Tkachuk laba SAPKIS 1\Tkachuk laba SAPKIS 1.csproj", "{4F5527B0-D936-4F35-A97D-62F05612BE50}"
EndProject
Global
	GlobalSection(SolutionConfigurationPlatforms) = preSolution
		Debug|Any CPU = Debug|Any CPU
		Release|Any CPU = Release|Any CPU
	EndGlobalSection
	GlobalSection(ProjectConfigurationPlatforms) = postSolution
		{4F5527B0-D936-4F35-A97D-62F05612BE50}.Debug|Any CPU.ActiveCfg = Debug|Any CPU
		{4F5527B0-D936-4F35-A97D-62F05612BE50}.Debug|Any CPU.Build.0 = Debug|Any CPU
		{4F5527B0-D936-4F35-A97D-62F05612BE50}.Release|Any CPU.ActiveCfg = Release|Any CPU
		{4F5527B0-D936-4F35-A97D-62F05612BE50}.Release|Any CPU.Build.0 = Release|Any CPU
	EndGlobalSection
	GlobalSection(SolutionProperties) = preSolution
		HideSolutionNode = FALSE
	EndGlobalSection
	GlobalSection(ExtensibilityGlobals) = postSolution
		SolutionGuid = {EE9B322C-81D7-46F1-B526-C56BC203A21B}
	EndGlobalSection
EndGlobal
